version = 1
revision = 3
requires-python = "==3.13.*"

[[package]]
name = "clash-of-clans-bot-vision"
version = "0.1.0"
source = { virtual = "." }
dependencies = [
    { name = "opencv-python" },
]

[package.metadata]
requires-dist = [{ name = "opencv-python", specifier = ">=4.12,<5" }]

[[package]]
name = "numpy"
version = "2.5.1"
source = { registry = "https://pypi.org/simple" }
sdist = { url = "https://files.pythonhosted.org/packages/22/fd/89965aa4ac08c74998539fcbf24fa3540f3e15237fbeb6bcf9c908f4aade/numpy-2.5.1.tar.gz", hash = "sha256:a48a113e6afea91f5608793bafa7ef2ad481fefbda87ec5069f483de61cb9fa3", size = 20755553, upload-time = "2026-07-04T17:08:00.933Z" }
wheels = [
    { url = "https://files.pythonhosted.org/packages/eb/07/ec2a3f0c91761581d4b7104a740791800025983f9a4dc4e73f91a99aeac4/numpy-2.5.1-cp313-cp313-macosx_10_13_x86_64.whl", hash = "sha256:0bfebd8695f9863592fe744be833a258120b14a9f39da255e8aa8fade2c0ddd1", size = 16796419, upload-time = "2026-07-04T17:06:40.37Z" },
    { url = "https://files.pythonhosted.org/packages/ab/ab/ddb499fc4f8780354395face5b65c7fd107bcd6e1d667a5f07d046956f6f/numpy-2.5.1-cp313-cp313-macosx_11_0_arm64.whl", hash = "sha256:30b44a6b53a7ae63c54c089a8726e5563ed302716c5b7ccc85afade40b0e7ff6", size = 11765832, upload-time = "2026-07-04T17:06:42.768Z" },
    { url = "https://files.pythonhosted.org/packages/88/b3/3c28c558a09fc72100c646dac6d2fce8e834c471b0edca01a29996706117/numpy-2.5.1-cp313-cp313-macosx_14_0_arm64.whl", hash = "sha256:6165343f81b56ef8f514f396989e529b61d9dc709b99421b07e9f3e698e2287d", size = 5325143, upload-time = "2026-07-04T17:06:45.466Z" },
    { url = "https://files.pythonhosted.org/packages/5e/0e/ce19b985bb15c596f4f05954e76cccc77c845083b3b8f938a6c68e523128/numpy-2.5.1-cp313-cp313-macosx_14_0_x86_64.whl", hash = "sha256:4939237038ada79308dda3204ac6462df056b5672b2e25db1149cf873668b3e1", size = 6659749, upload-time = "2026-07-04T17:06:47.288Z" },
    { url = "https://files.pythonhosted.org/packages/2e/20/1ee6614d64332a1bba6411f38e68cb79eec1b2459e20a623777c5c5492a2/numpy-2.5.1-cp313-cp313-manylinux_2_27_aarch64.manylinux_2_28_aarch64.whl", hash = "sha256:1c6759f538fb912fc46de0a6b1758ccf7b57bc7c7ebebc23974fdac3de8db0cd", size = 15164716, upload-time = "2026-07-04T17:06:49.494Z" },
    { url = "https://files.pythonhosted.org/packages/ed/a7/2bcd3fdbb87804755c35b729bf8709d62025c5f4cfd7d5b2415997097515/numpy-2.5.1-cp313-cp313-manylinux_2_27_x86_64.manylinux_2_28_x86_64.whl", hash = "sha256:9726558e8db4a5bf7929a70ae50f63abda4daf0efe810e3bfbab95976f75fc1a", size = 16661440, upload-time = "2026-07-04T17:06:52.061Z" },
    { url = "https://files.pythonhosted.org/packages/fc/d7/a41e3310c886fe457d36e670bbf24fae411aca8a7b6ad92a32afd924077c/numpy-2.5.1-cp313-cp313-musllinux_1_2_aarch64.whl", hash = "sha256:3935f3b419b244a02732676fa5317a9193cc596a4c0646db07e5b421229ac9f7", size = 16526305, upload-time = "2026-07-04T17:06:54.605Z" },
    { url = "https://files.pythonhosted.org/packages/53/75/4333a9a707c1edd3a4e1a0c58eca52c0f31e55089fa80db02b5565b24df7/numpy-2.5.1-cp313-cp313-musllinux_1_2_x86_64.whl", hash = "sha256:dc932a65ded7ce9013d120845a2514dcccb1a67bfc8deb8d37633762951904a6", size = 18423008, upload-time = "2026-07-04T17:06:57.54Z" },
    { url = "https://files.pythonhosted.org/packages/ee/90/e314a32b1c11a2ffe818ddad3a57b50b4b6e1b6c487192eb50cdef0415d0/numpy-2.5.1-cp313-cp313-win32.whl", hash = "sha256:4b4ff1608417eb7a59da7b967bbb798cacfe071d2caf526a24281cd562072ed9", size = 6063885, upload-time = "2026-07-04T17:07:00.14Z" },
    { url = "https://files.pythonhosted.org/packages/10/70/800b3fca480af32df9e8ea9f3d4a0c8feb4b32d7f195d174eabbda4829ad/numpy-2.5.1-cp313-cp313-win_amd64.whl", hash = "sha256:6c3fe51bc6a16453d452997053454f309e8e0ed7b42d6b361ce4ac8c32913d74", size = 12425674, upload-time = "2026-07-04T17:07:02.387Z" },
    { url = "https://files.pythonhosted.org/packages/8b/0b/196350c122f50f6ca56846f2d71efd5e0d24b7b2e07355e019b2e2c7a11e/numpy-2.5.1-cp313-cp313-win_arm64.whl", hash = "sha256:f7feb014281029e628ba2d5a007407443b06e418b6fe451d1e2adcbc8eba0107", size = 10350256, upload-time = "2026-07-04T17:07:04.878Z" },
]

[[package]]
name = "opencv-python"
version = "4.14.0.94"
source = { registry = "https://pypi.org/simple" }
dependencies = [
    { name = "numpy" },
]
sdist = { url = "https://files.pythonhosted.org/packages/ed/e8/c2959c0f969ea4ae96b55ad10c108c0410de4e8b3550d9941a4cfdd52703/opencv_python-4.14.0.94.tar.gz", hash = "sha256:afadc76a38a07713a4c2b4702da917cf0ed489be57e2a40a34e670189731de7d", size = 96400225, upload-time = "2026-07-28T19:23:09.546Z" }
wheels = [
    { url = "https://files.pythonhosted.org/packages/19/91/e4fd7c2b64fda9792bc1f5dcb5a6cbdb54d50c3a2fa9dccc3943fd47afcf/opencv_python-4.14.0.94-cp37-abi3-macosx_13_0_arm64.whl", hash = "sha256:04456937c8f12ca64ff94df8bfd813ca98f5c9767da792948969a759c716ebe2", size = 46491087, upload-time = "2026-07-29T03:52:01.842Z" },
    { url = "https://files.pythonhosted.org/packages/f4/a7/8895ca8731f741925acf238f87ccb21fa8f47378d5291792e932b9a4ab71/opencv_python-4.14.0.94-cp37-abi3-macosx_14_0_x86_64.whl", hash = "sha256:6a49842cc0ba9f43e35a289e61c0e15a1f8be8df60145ee5c7d42593b0d4f4b8", size = 33084035, upload-time = "2026-07-28T20:05:52.633Z" },
    { url = "https://files.pythonhosted.org/packages/84/ec/5777752567986b99222d52e22306e9616829480cc2d48ab241daa9d7e9ef/opencv_python-4.14.0.94-cp37-abi3-manylinux2014_aarch64.manylinux_2_17_aarch64.whl", hash = "sha256:3198fcbcb8f98fd68063bf2c75d129b0f50d46e555a4e47578a6eb086eb38e1f", size = 49513397, upload-time = "2026-07-28T19:17:28.309Z" },
    { url = "https://files.pythonhosted.org/packages/13/09/c05887c383caa9080ef612febffd08c5da1c283418687a3bea6ef7fb6faa/opencv_python-4.14.0.94-cp37-abi3-manylinux2014_x86_64.manylinux_2_17_x86_64.whl", hash = "sha256:4ae0b5a2acbcfb9813035f1644cfba751edd02797fac994e32180813eeef8420", size = 72049625, upload-time = "2026-07-28T19:18:11.767Z" },
    { url = "https://files.pythonhosted.org/packages/ed/0b/df7ac73ed46258d569e4334c03b42515fbc2f901d40831e64414ac0da66a/opencv_python-4.14.0.94-cp37-abi3-manylinux_2_28_aarch64.whl", hash = "sha256:add600736d0d65a39e797a9ceeb494f3cdc5736d4bd96b4f89d65a8c92451528", size = 53432460, upload-time = "2026-07-28T19:18:43.878Z" },
    { url = "https://files.pythonhosted.org/packages/8f/96/97f176047c56726a61ddd02300b45b35d1451278c6182688a1fb27035e81/opencv_python-4.14.0.94-cp37-abi3-manylinux_2_28_x86_64.whl", hash = "sha256:726a2b40c1120a0bbd0116394c6a5b2aa0a4dfa4e609a81ee10d12c6a34cd372", size = 77393698, upload-time = "2026-07-28T19:19:14.745Z" },
    { url = "https://files.pythonhosted.org/packages/8b/2c/42491165dea74fcefa9a438ccf9ab6c7f3a52d595688ac90e87c4c1e9774/opencv_python-4.14.0.94-cp37-abi3-win32.whl", hash = "sha256:549c2401f8654708c702bdf0e26d45816b9c411369a0efa41907ec2b4ec0e707", size = 33162505, upload-time = "2026-07-28T18:32:23.488Z" },
    { url = "https://files.pythonhosted.org/packages/08/f0/ebf59732b54b4dd8a9e23f3b453ad73e11ec2230faf25ff4b1befa191ce0/opencv_python-4.14.0.94-cp37-abi3-win_amd64.whl", hash = "sha256:ace53616cdffc9643e17e075397b493e607c427d388c7508798ef7ad2ed577cc", size = 41166165, upload-time = "2026-07-28T18:32:19.031Z" },
]
